// !$*UTF8*$!
{
	archiveVersion = 1;
	classes = {
	};
	objectVersion = 50;
	objects = {

/* Begin PBXBuildFile section */
		622A637220B89974001BAFE5 /* AppDelegate.swift in Sources */ = {isa = PBXBuildFile; fileRef = 622A637120B89974001BAFE5 /* AppDelegate.swift */; };
		622A637920B89977001BAFE5 /* Assets.xcassets in Resources */ = {isa = PBXBuildFile; fileRef = 622A637820B89977001BAFE5 /* Assets.xcassets */; };
		622A637C20B89977001BAFE5 /* LaunchScreen.storyboard in Resources */ = {isa = PBXBuildFile; fileRef = 622A637A20B89977001BAFE5 /* LaunchScreen.storyboard */; };
		622A639E20B8A29D001BAFE5 /* Moya.framework in Frameworks */ = {isa = PBXBuildFile; fileRef = 622A639C20B8A29D001BAFE5 /* Moya.framework */; };
		622A639F20B8A29D001BAFE5 /* SnapKit.framework in Frameworks */ = {isa = PBXBuildFile; fileRef = 622A639D20B8A29D001BAFE5 /* SnapKit.framework */; };
		622A63A220B8A4E5001BAFE5 /* Alamofire.framework in Frameworks */ = {isa = PBXBuildFile; fileRef = 622A63A120B8A4E5001BAFE5 /* Alamofire.framework */; };
		622A63A420B8A505001BAFE5 /* Result.framework in Frameworks */ = {isa = PBXBuildFile; fileRef = 622A63A320B8A505001BAFE5 /* Result.framework */; };
		629E94CF20B8AB0C00F80518 /* Router.swift in Sources */ = {isa = PBXBuildFile; fileRef = 629E94CE20B8AB0C00F80518 /* Router.swift */; };
		629E94D520B8AC4700F80518 /* WeatherDisplayPresenter.swift in Sources */ = {isa = PBXBuildFile; fileRef = 629E94D420B8AC4700F80518 /* WeatherDisplayPresenter.swift */; };
		629E94D720B8ACCE00F80518 /* WeatherDisplayViewController.swift in Sources */ = {isa = PBXBuildFile; fileRef = 629E94D620B8ACCE00F80518 /* WeatherDisplayViewController.swift */; };
		629E94D920B8ACFD00F80518 /* WeatherDisplayProtocols.swift in Sources */ = {isa = PBXBuildFile; fileRef = 629E94D820B8ACFD00F80518 /* WeatherDisplayProtocols.swift */; };
		629E94DB20B8B10800F80518 /* API.swift in Sources */ = {isa = PBXBuildFile; fileRef = 629E94DA20B8B10800F80518 /* API.swift */; };
		629E94DF20B9927200F80518 /* UpdateDisplayView.swift in Sources */ = {isa = PBXBuildFile; fileRef = 629E94DE20B9927200F80518 /* UpdateDisplayView.swift */; };
		629E94E120B993E700F80518 /* WeatherDisplayView.swift in Sources */ = {isa = PBXBuildFile; fileRef = 629E94E020B993E700F80518 /* WeatherDisplayView.swift */; };
		62FE82EE20B9E9930000B673 /* Weather.swift in Sources */ = {isa = PBXBuildFile; fileRef = 62FE82ED20B9E9930000B673 /* Weather.swift */; };
		62FE82F020B9F4BC0000B673 /* HTTPClient.swift in Sources */ = {isa = PBXBuildFile; fileRef = 62FE82EF20B9F4BC0000B673 /* HTTPClient.swift */; };
		62FE82F620BB04070000B673 /* mock.json in Resources */ = {isa = PBXBuildFile; fileRef = 62FE82F520BB04070000B673 /* mock.json */; };
/* End PBXBuildFile section */

/* Begin PBXFileReference section */
		622A636E20B89974001BAFE5 /* WeatherAppViper.app */ = {isa = PBXFileReference; explicitFileType = wrapper.application; includeInIndex = 0; path = WeatherAppViper.app; sourceTree = BUILT_PRODUCTS_DIR; };
		622A637120B89974001BAFE5 /* AppDelegate.swift */ = {isa = PBXFileReference; lastKnownFileType = sourcecode.swift; path = AppDelegate.swift; sourceTree = "<group>"; };
		622A637820B89977001BAFE5 /* Assets.xcassets */ = {isa = PBXFileReference; lastKnownFileType = folder.assetcatalog; path = Assets.xcassets; sourceTree = "<group>"; };
		622A637B20B89977001BAFE5 /* Base */ = {isa = PBXFileReference; lastKnownFileType = file.storyboard; name = Base; path = Base.lproj/LaunchScreen.storyboard; sourceTree = "<group>"; };
		622A637D20B89977001BAFE5 /* Info.plist */ = {isa = PBXFileReference; lastKnownFileType = text.plist.xml; path = Info.plist; sourceTree = "<group>"; };
		622A639C20B8A29D001BAFE5 /* Moya.framework */ = {isa = PBXFileReference; lastKnownFileType = wrapper.framework; name = Moya.framework; path = Carthage/Build/iOS/Moya.framework; sourceTree = "<group>"; };
		622A639D20B8A29D001BAFE5 /* SnapKit.framework */ = {isa = PBXFileReference; lastKnownFileType = wrapper.framework; name = SnapKit.framework; path = Carthage/Build/iOS/SnapKit.framework; sourceTree = "<group>"; };
		622A63A120B8A4E5001BAFE5 /* Alamofire.framework */ = {isa = PBXFileReference; lastKnownFileType = wrapper.framework; name = Alamofire.framework; path = Carthage/Build/iOS/Alamofire.framework; sourceTree = "<group>"; };
		622A63A320B8A505001BAFE5 /* Result.framework */ = {isa = PBXFileReference; lastKnownFileType = wrapper.framework; name = Result.framework; path = Carthage/Build/iOS/Result.framework; sourceTree = "<group>"; };
		629E94CE20B8AB0C00F80518 /* Router.swift */ = {isa = PBXFileReference; lastKnownFileType = sourcecode.swift; path = Router.swift; sourceTree = "<group>"; };
		629E94D420B8AC4700F80518 /* WeatherDisplayPresenter.swift */ = {isa = PBXFileReference; lastKnownFileType = sourcecode.swift; path = WeatherDisplayPresenter.swift; sourceTree = "<group>"; };
		629E94D620B8ACCE00F80518 /* WeatherDisplayViewController.swift */ = {isa = PBXFileReference; lastKnownFileType = sourcecode.swift; path = WeatherDisplayViewController.swift; sourceTree = "<group>"; };
		629E94D820B8ACFD00F80518 /* WeatherDisplayProtocols.swift */ = {isa = PBXFileReference; lastKnownFileType = sourcecode.swift; path = WeatherDisplayProtocols.swift; sourceTree = "<group>"; };
		629E94DA20B8B10800F80518 /* API.swift */ = {isa = PBXFileReference; lastKnownFileType = sourcecode.swift; path = API.swift; sourceTree = "<group>"; };
		629E94DE20B9927200F80518 /* UpdateDisplayView.swift */ = {isa = PBXFileReference; fileEncoding = 4; lastKnownFileType = sourcecode.swift; path = UpdateDisplayView.swift; sourceTree = "<group>"; };
		629E94E020B993E700F80518 /* WeatherDisplayView.swift */ = {isa = PBXFileReference; lastKnownFileType = sourcecode.swift; path = WeatherDisplayView.swift; sourceTree = "<group>"; };
		62FE82ED20B9E9930000B673 /* Weather.swift */ = {isa = PBXFileReference; lastKnownFileType = sourcecode.swift; path = Weather.swift; sourceTree = "<group>"; };
		62FE82EF20B9F4BC0000B673 /* HTTPClient.swift */ = {isa = PBXFileReference; lastKnownFileType = sourcecode.swift; path = HTTPClient.swift; sourceTree = "<group>"; };
		62FE82F520BB04070000B673 /* mock.json */ = {isa = PBXFileReference; lastKnownFileType = text.json; path = mock.json; sourceTree = "<group>"; };
/* End PBXFileReference section */

/* Begin PBXFrameworksBuildPhase section */
		622A636B20B89974001BAFE5 /* Frameworks */ = {
			isa = PBXFrameworksBuildPhase;
			buildActionMask = 2147483647;
			files = (
				622A63A420B8A505001BAFE5 /* Result.framework in Frameworks */,
				622A63A220B8A4E5001BAFE5 /* Alamofire.framework in Frameworks */,
				622A639E20B8A29D001BAFE5 /* Moya.framework in Frameworks */,
				622A639F20B8A29D001BAFE5 /* SnapKit.framework in Frameworks */,
			);
			runOnlyForDeploymentPostprocessing = 0;
		};
/* End PBXFrameworksBuildPhase section */

/* Begin PBXGroup section */
		622A636520B89974001BAFE5 = {
			isa = PBXGroup;
			children = (
				622A637020B89974001BAFE5 /* WeatherAppViper */,
				622A636F20B89974001BAFE5 /* Products */,
				622A639B20B8A29D001BAFE5 /* Frameworks */,
			);
			sourceTree = "<group>";
		};
		622A636F20B89974001BAFE5 /* Products */ = {
			isa = PBXGroup;
			children = (
				622A636E20B89974001BAFE5 /* WeatherAppViper.app */,
			);
			name = Products;
			sourceTree = "<group>";
		};
		622A637020B89974001BAFE5 /* WeatherAppViper */ = {
			isa = PBXGroup;
			children = (
				622A63A520B8A95B001BAFE5 /* App */,
				622A63A620B8A96E001BAFE5 /* Stories */,
				62FE82F720BB07050000B673 /* API */,
				629E94D020B8AB3C00F80518 /* Services */,
				629E94CD20B8AAED00F80518 /* Resources */,
			);
			path = WeatherAppViper;
			sourceTree = "<group>";
		};
		622A639B20B8A29D001BAFE5 /* Frameworks */ = {
			isa = PBXGroup;
			children = (
				622A63A320B8A505001BAFE5 /* Result.framework */,
				622A63A120B8A4E5001BAFE5 /* Alamofire.framework */,
				622A639C20B8A29D001BAFE5 /* Moya.framework */,
				622A639D20B8A29D001BAFE5 /* SnapKit.framework */,
			);
			name = Frameworks;
			sourceTree = "<group>";
		};
		622A63A520B8A95B001BAFE5 /* App */ = {
			isa = PBXGroup;
			children = (
				622A637120B89974001BAFE5 /* AppDelegate.swift */,
				629E94CE20B8AB0C00F80518 /* Router.swift */,
			);
			name = App;
			sourceTree = "<group>";
		};
		622A63A620B8A96E001BAFE5 /* Stories */ = {
			isa = PBXGroup;
			children = (
				629E94CB20B8A9A900F80518 /* Weather Display */,
				629E94CC20B8A9C000F80518 /* Location Selection */,
			);
			name = Stories;
			sourceTree = "<group>";
		};
		629E94CB20B8A9A900F80518 /* Weather Display */ = {
			isa = PBXGroup;
			children = (
				629E94D820B8ACFD00F80518 /* WeatherDisplayProtocols.swift */,
				629E94D420B8AC4700F80518 /* WeatherDisplayPresenter.swift */,
				629E94D620B8ACCE00F80518 /* WeatherDisplayViewController.swift */,
				629E94DE20B9927200F80518 /* UpdateDisplayView.swift */,
				629E94E020B993E700F80518 /* WeatherDisplayView.swift */,
			);
			name = "Weather Display";
			sourceTree = "<group>";
		};
		629E94CC20B8A9C000F80518 /* Location Selection */ = {
			isa = PBXGroup;
			children = (
			);
			name = "Location Selection";
			sourceTree = "<group>";
		};
		629E94CD20B8AAED00F80518 /* Resources */ = {
			isa = PBXGroup;
			children = (
				622A637820B89977001BAFE5 /* Assets.xcassets */,
				622A637A20B89977001BAFE5 /* LaunchScreen.storyboard */,
				622A637D20B89977001BAFE5 /* Info.plist */,
			);
			name = Resources;
			sourceTree = "<group>";
		};
		629E94D020B8AB3C00F80518 /* Services */ = {
			isa = PBXGroup;
			children = (
				629E94D120B8AB4400F80518 /* Networking */,
			);
			name = Services;
			sourceTree = "<group>";
		};
		629E94D120B8AB4400F80518 /* Networking */ = {
			isa = PBXGroup;
			children = (
				62FE82EF20B9F4BC0000B673 /* HTTPClient.swift */,
			);
			name = Networking;
			sourceTree = "<group>";
		};
		62FE82F720BB07050000B673 /* API */ = {
			isa = PBXGroup;
			children = (
				62FE82ED20B9E9930000B673 /* Weather.swift */,
				629E94DA20B8B10800F80518 /* API.swift */,
				62FE82F520BB04070000B673 /* mock.json */,
			);
			name = API;
			sourceTree = "<group>";
		};
/* End PBXGroup section */

/* Begin PBXNativeTarget section */
		622A636D20B89974001BAFE5 /* WeatherAppViper */ = {
			isa = PBXNativeTarget;
			buildConfigurationList = 622A638020B89977001BAFE5 /* Build configuration list for PBXNativeTarget "WeatherAppViper" */;
			buildPhases = (
				622A636A20B89974001BAFE5 /* Sources */,
				622A636B20B89974001BAFE5 /* Frameworks */,
				622A636C20B89974001BAFE5 /* Resources */,
				622A63A020B8A2A4001BAFE5 /* ShellScript */,
			);
			buildRules = (
			);
			dependencies = (
			);
			name = WeatherAppViper;
			productName = WeatherAppViper;
			productReference = 622A636E20B89974001BAFE5 /* WeatherAppViper.app */;
			productType = "com.apple.product-type.application";
		};
/* End PBXNativeTarget section */

/* Begin PBXProject section */
		622A636620B89974001BAFE5 /* Project object */ = {
			isa = PBXProject;
			attributes = {
				LastSwiftUpdateCheck = 0930;
				LastUpgradeCheck = 0930;
				ORGANIZATIONNAME = "João Carreira";
				TargetAttributes = {
					622A636D20B89974001BAFE5 = {
						CreatedOnToolsVersion = 9.3.1;
					};
				};
			};
			buildConfigurationList = 622A636920B89974001BAFE5 /* Build configuration list for PBXProject "WeatherAppViper" */;
			compatibilityVersion = "Xcode 9.3";
			developmentRegion = en;
			hasScannedForEncodings = 0;
			knownRegions = (
				en,
				Base,
			);
			mainGroup = 622A636520B89974001BAFE5;
			productRefGroup = 622A636F20B89974001BAFE5 /* Products */;
			projectDirPath = "";
			projectRoot = "";
			targets = (
				622A636D20B89974001BAFE5 /* WeatherAppViper */,
			);
		};
/* End PBXProject section */

/* Begin PBXResourcesBuildPhase section */
		622A636C20B89974001BAFE5 /* Resources */ = {
			isa = PBXResourcesBuildPhase;
			buildActionMask = 2147483647;
			files = (
				622A637C20B89977001BAFE5 /* LaunchScreen.storyboard in Resources */,
				622A637920B89977001BAFE5 /* Assets.xcassets in Resources */,
				62FE82F620BB04070000B673 /* mock.json in Resources */,
			);
			runOnlyForDeploymentPostprocessing = 0;
		};
/* End PBXResourcesBuildPhase section */

/* Begin PBXShellScriptBuildPhase section */
		622A63A020B8A2A4001BAFE5 /* ShellScript */ = {
			isa = PBXShellScriptBuildPhase;
			buildActionMask = 2147483647;
			files = (
			);
			inputPaths = (
				"$(SRCROOT)/Carthage/Build/iOS/Moya.framework",
				"$(SRCROOT)/Carthage/Build/iOS/SnapKit.framework",
				"$(SRCROOT)/Carthage/Build/iOS/Alamofire.framework",
				"$(SRCROOT)/Carthage/Build/iOS/Result.framework",
			);
			outputPaths = (
			);
			runOnlyForDeploymentPostprocessing = 0;
			shellPath = /bin/sh;
			shellScript = "/usr/local/bin/carthage copy-frameworks";
		};
/* End PBXShellScriptBuildPhase section */

/* Begin PBXSourcesBuildPhase section */
		622A636A20B89974001BAFE5 /* Sources */ = {
			isa = PBXSourcesBuildPhase;
			buildActionMask = 2147483647;
			files = (
				629E94CF20B8AB0C00F80518 /* Router.swift in Sources */,
				629E94D920B8ACFD00F80518 /* WeatherDisplayProtocols.swift in Sources */,
				629E94D520B8AC4700F80518 /* WeatherDisplayPresenter.swift in Sources */,
				62FE82EE20B9E9930000B673 /* Weather.swift in Sources */,
				622A637220B89974001BAFE5 /* AppDelegate.swift in Sources */,
				62FE82F020B9F4BC0000B673 /* HTTPClient.swift in Sources */,
				629E94D720B8ACCE00F80518 /* WeatherDisplayViewController.swift in Sources */,
				629E94DB20B8B10800F80518 /* API.swift in Sources */,
				629E94DF20B9927200F80518 /* UpdateDisplayView.swift in Sources */,
				629E94E120B993E700F80518 /* WeatherDisplayView.swift in Sources */,
			);
			runOnlyForDeploymentPostprocessing = 0;
		};
/* End PBXSourcesBuildPhase section */

/* Begin PBXVariantGroup section */
		622A637A20B89977001BAFE5 /* LaunchScreen.storyboard */ = {
			isa = PBXVariantGroup;
			children = (
				622A637B20B89977001BAFE5 /* Base */,
			);
			name = LaunchScreen.storyboard;
			sourceTree = "<group>";
		};
/* End PBXVariantGroup section */

/* Begin XCBuildConfiguration section */
		622A637E20B89977001BAFE5 /* Debug */ = {
			isa = XCBuildConfiguration;
			buildSettings = {
				ALWAYS_SEARCH_USER_PATHS = NO;
				CLANG_ANALYZER_NONNULL = YES;
				CLANG_ANALYZER_NUMBER_OBJECT_CONVERSION = YES_AGGRESSIVE;
				CLANG_CXX_LANGUAGE_STANDARD = "gnu++14";
				CLANG_CXX_LIBRARY = "libc++";
				CLANG_ENABLE_MODULES = YES;
				CLANG_ENABLE_OBJC_ARC = YES;
				CLANG_ENABLE_OBJC_WEAK = YES;
				CLANG_WARN_BLOCK_CAPTURE_AUTORELEASING = YES;
				CLANG_WARN_BOOL_CONVERSION = YES;
				CLANG_WARN_COMMA = YES;
				CLANG_WARN_CONSTANT_CONVERSION = YES;
				CLANG_WARN_DEPRECATED_OBJC_IMPLEMENTATIONS = YES;
				CLANG_WARN_DIRECT_OBJC_ISA_USAGE = YES_ERROR;
				CLANG_WARN_DOCUMENTATION_COMMENTS = YES;
				CLANG_WARN_EMPTY_BODY = YES;
				CLANG_WARN_ENUM_CONVERSION = YES;
				CLANG_WARN_INFINITE_RECURSION = YES;
				CLANG_WARN_INT_CONVERSION = YES;
				CLANG_WARN_NON_LITERAL_NULL_CONVERSION = YES;
				CLANG_WARN_OBJC_IMPLICIT_RETAIN_SELF = YES;
				CLANG_WARN_OBJC_LITERAL_CONVERSION = YES;
				CLANG_WARN_OBJC_ROOT_CLASS = YES_ERROR;
				CLANG_WARN_RANGE_LOOP_ANALYSIS = YES;
				CLANG_WARN_STRICT_PROTOTYPES = YES;
				CLANG_WARN_SUSPICIOUS_MOVE = YES;
				CLANG_WARN_UNGUARDED_AVAILABILITY = YES_AGGRESSIVE;
				CLANG_WARN_UNREACHABLE_CODE = YES;
				CLANG_WARN__DUPLICATE_METHOD_MATCH = YES;
				CODE_SIGN_IDENTITY = "iPhone Developer";
				COPY_PHASE_STRIP = NO;
				DEBUG_INFORMATION_FORMAT = dwarf;
				ENABLE_STRICT_OBJC_MSGSEND = YES;
				ENABLE_TESTABILITY = YES;
				GCC_C_LANGUAGE_STANDARD = gnu11;
				GCC_DYNAMIC_NO_PIC = NO;
				GCC_NO_COMMON_BLOCKS = YES;
				GCC_OPTIMIZATION_LEVEL = 0;
				GCC_PREPROCESSOR_DEFINITIONS = (
					"DEBUG=1",
					"$(inherited)",
				);
				GCC_WARN_64_TO_32_BIT_CONVERSION = YES;
				GCC_WARN_ABOUT_RETURN_TYPE = YES_ERROR;
				GCC_WARN_UNDECLARED_SELECTOR = YES;
				GCC_WARN_UNINITIALIZED_AUTOS = YES_AGGRESSIVE;
				GCC_WARN_UNUSED_FUNCTION = YES;
				GCC_WARN_UNUSED_VARIABLE = YES;
				IPHONEOS_DEPLOYMENT_TARGET = 11.3;
				MTL_ENABLE_DEBUG_INFO = YES;
				ONLY_ACTIVE_ARCH = YES;
				SDKROOT = iphoneos;
				SWIFT_ACTIVE_COMPILATION_CONDITIONS = DEBUG;
				SWIFT_OPTIMIZATION_LEVEL = "-Onone";
			};
			name = Debug;
		};
		622A637F20B89977001BAFE5 /* Release */ = {
			isa = XCBuildConfiguration;
			buildSettings = {
				ALWAYS_SEARCH_USER_PATHS = NO;
				CLANG_ANALYZER_NONNULL = YES;
				CLANG_ANALYZER_NUMBER_OBJECT_CONVERSION = YES_AGGRESSIVE;
				CLANG_CXX_LANGUAGE_STANDARD = "gnu++14";
				CLANG_CXX_LIBRARY = "libc++";
				CLANG_ENABLE_MODULES = YES;
				CLANG_ENABLE_OBJC_ARC = YES;
				CLANG_ENABLE_OBJC_WEAK = YES;
				CLANG_WARN_BLOCK_CAPTURE_AUTORELEASING = YES;
				CLANG_WARN_BOOL_CONVERSION = YES;
				CLANG_WARN_COMMA = YES;
				CLANG_WARN_CONSTANT_CONVERSION = YES;
				CLANG_WARN_DEPRECATED_OBJC_IMPLEMENTATIONS = YES;
				CLANG_WARN_DIRECT_OBJC_ISA_USAGE = YES_ERROR;
				CLANG_WARN_DOCUMENTATION_COMMENTS = YES;
				CLANG_WARN_EMPTY_BODY = YES;
				CLANG_WARN_ENUM_CONVERSION = YES;
				CLANG_WARN_INFINITE_RECURSION = YES;
				CLANG_WARN_INT_CONVERSION = YES;
				CLANG_WARN_NON_LITERAL_NULL_CONVERSION = YES;
				CLANG_WARN_OBJC_IMPLICIT_RETAIN_SELF = YES;
				CLANG_WARN_OBJC_LITERAL_CONVERSION = YES;
				CLANG_WARN_OBJC_ROOT_CLASS = YES_ERROR;
				CLANG_WARN_RANGE_LOOP_ANALYSIS = YES;
				CLANG_WARN_STRICT_PROTOTYPES = YES;
				CLANG_WARN_SUSPICIOUS_MOVE = YES;
				CLANG_WARN_UNGUARDED_AVAILABILITY = YES_AGGRESSIVE;
				CLANG_WARN_UNREACHABLE_CODE = YES;
				CLANG_WARN__DUPLICATE_METHOD_MATCH = YES;
				CODE_SIGN_IDENTITY = "iPhone Developer";
				COPY_PHASE_STRIP = NO;
				DEBUG_INFORMATION_FORMAT = "dwarf-with-dsym";
				ENABLE_NS_ASSERTIONS = NO;
				ENABLE_STRICT_OBJC_MSGSEND = YES;
				GCC_C_LANGUAGE_STANDARD = gnu11;
				GCC_NO_COMMON_BLOCKS = YES;
				GCC_WARN_64_TO_32_BIT_CONVERSION = YES;
				GCC_WARN_ABOUT_RETURN_TYPE = YES_ERROR;
				GCC_WARN_UNDECLARED_SELECTOR = YES;
				GCC_WARN_UNINITIALIZED_AUTOS = YES_AGGRESSIVE;
				GCC_WARN_UNUSED_FUNCTION = YES;
				GCC_WARN_UNUSED_VARIABLE = YES;
				IPHONEOS_DEPLOYMENT_TARGET = 11.3;
				MTL_ENABLE_DEBUG_INFO = NO;
				SDKROOT = iphoneos;
				SWIFT_COMPILATION_MODE = wholemodule;
				SWIFT_OPTIMIZATION_LEVEL = "-O";
				VALIDATE_PRODUCT = YES;
			};
			name = Release;
		};
		622A638120B89977001BAFE5 /* Debug */ = {
			isa = XCBuildConfiguration;
			buildSettings = {
				ASSETCATALOG_COMPILER_APPICON_NAME = AppIcon;
				CODE_SIGN_STYLE = Automatic;
				DEVELOPMENT_TEAM = 757P28B37C;
				FRAMEWORK_SEARCH_PATHS = (
					"$(inherited)",
					"$(PROJECT_DIR)/Carthage/Build/iOS",
				);
				INFOPLIST_FILE = WeatherAppViper/Info.plist;
				LD_RUNPATH_SEARCH_PATHS = (
					"$(inherited)",
					"@executable_path/Frameworks",
				);
				PRODUCT_BUNDLE_IDENTIFIER = com.jpcarreira.WeatherAppViper;
				PRODUCT_NAME = "$(TARGET_NAME)";
				SWIFT_VERSION = 4.0;
				TARGETED_DEVICE_FAMILY = "1,2";
			};
			name = Debug;
		};
		622A638220B89977001BAFE5 /* Release */ = {
			isa = XCBuildConfiguration;
			buildSettings = {
				ASSETCATALOG_COMPILER_APPICON_NAME = AppIcon;
				CODE_SIGN_STYLE = Automatic;
				DEVELOPMENT_TEAM = 757P28B37C;
				FRAMEWORK_SEARCH_PATHS = (
					"$(inherited)",
					"$(PROJECT_DIR)/Carthage/Build/iOS",
				);
				INFOPLIST_FILE = WeatherAppViper/Info.plist;
				LD_RUNPATH_SEARCH_PATHS = (
					"$(inherited)",
					"@executable_path/Frameworks",
				);
				PRODUCT_BUNDLE_IDENTIFIER = com.jpcarreira.WeatherAppViper;
				PRODUCT_NAME = "$(TARGET_NAME)";
				SWIFT_VERSION = 4.0;
				TARGETED_DEVICE_FAMILY = "1,2";
			};
			name = Release;
		};
/* End XCBuildConfiguration section */

/* Begin XCConfigurationList section */
		622A636920B89974001BAFE5 /* Build configuration list for PBXProject "WeatherAppViper" */ = {
			isa = XCConfigurationList;
			buildConfigurations = (
				622A637E20B89977001BAFE5 /* Debug */,
				622A637F20B89977001BAFE5 /* Release */,
			);
			defaultConfigurationIsVisible = 0;
			defaultConfigurationName = Release;
		};
		622A638020B89977001BAFE5 /* Build configuration list for PBXNativeTarget "WeatherAppViper" */ = {
			isa = XCConfigurationList;
			buildConfigurations = (
				622A638120B89977001BAFE5 /* Debug */,
				622A638220B89977001BAFE5 /* Release */,
			);
			defaultConfigurationIsVisible = 0;
			defaultConfigurationName = Release;
		};
/* End XCConfigurationList section */
	};
	rootObject = 622A636620B89974001BAFE5 /* Project object */;
}
